<?xml version="1.0" encoding="utf-8"?>
<Project ToolsVersion="4.0" xmlns="http://schemas.microsoft.com/developer/msbuild/2003">
  <ItemGroup>
    <Filter Include="ソース ファイル">
      <UniqueIdentifier>{4FC737F1-C7A5-4376-A066-2A32D752A2FF}</UniqueIdentifier>
      <Extensions>cpp;c;cc;cxx;c++;cppm;ixx;def;odl;idl;hpj;bat;asm;asmx</Extensions>
    </Filter>
    <Filter Include="ヘッダー ファイル">
      <UniqueIdentifier>{93995380-89BD-4b04-88EB-625FBE52EBFB}</UniqueIdentifier>
      <Extensions>h;hh;hpp;hxx;h++;hm;inl;inc;ipp;xsd</Extensions>
    </Filter>
    <Filter Include="リソース ファイル">
      <UniqueIdentifier>{67DA6AB6-F800-4c08-8B7A-83BB121AAD01}</UniqueIdentifier>
      <Extensions>rc;ico;cur;bmp;dlg;rc2;rct;bin;rgs;gif;jpg;jpeg;jpe;resx;tiff;tif;png;wav;mfcribbon-ms</Extensions>
    </Filter>
    <Filter Include="ヘッダー ファイル\キャラクター クラス">
      <UniqueIdentifier>{b4718ff9-28ab-4691-b0b0-4f629b1b287c}</UniqueIdentifier>
    </Filter>
    <Filter Include="ヘッダー ファイル\データ パーシング クラス">
      <UniqueIdentifier>{32fb9ce8-3242-4f6f-9a10-39629781e3fe}</UniqueIdentifier>
    </Filter>
    <Filter Include="ソース ファイル\データ パーシング クラス">
      <UniqueIdentifier>{fdb6f849-bf3f-4197-9465-3ec932e70759}</UniqueIdentifier>
    </Filter>
    <Filter Include="リソース ファイル\ローカライズ">
      <UniqueIdentifier>{223571c8-70cf-4187-a081-20da2b1d102d}</UniqueIdentifier>
    </Filter>
  </ItemGroup>
  <ItemGroup>
    <ClCompile Include="main.cpp">
      <Filter>ソース ファイル</Filter>
    </ClCompile>
    <ClCompile Include="json11.cpp">
      <Filter>ソース ファイル\データ パーシング クラス</Filter>
    </ClCompile>
  </ItemGroup>
  <ItemGroup>
    <ClInclude Include="main.h">
      <Filter>ヘッダー ファイル</Filter>
    </ClInclude>
    <ClInclude Include="Units.h">
      <Filter>ヘッダー ファイル\キャラクター クラス</Filter>
    </ClInclude>
    <ClInclude Include="Parser.h">
      <Filter>ヘッダー ファイル\データ パーシング クラス</Filter>
    </ClInclude>
    <ClInclude Include="all_loaders.h">
      <Filter>ヘッダー ファイル</Filter>
    </ClInclude>
    <ClInclude Include="Pilots.h">
      <Filter>ヘッダー ファイル</Filter>
    </ClInclude>
    <ClInclude Include="strconv2.h">
      <Filter>ヘッダー ファイル</Filter>
    </ClInclude>
    <ClInclude Include="ResourceLoader.h">
      <Filter>ヘッダー ファイル\データ パーシング クラス</Filter>
    </ClInclude>
    <ClInclude Include="json11.hpp">
      <Filter>ヘッダー ファイル\データ パーシング クラス</Filter>
    </ClInclude>
  </ItemGroup>
  <ItemGroup>
    <None Include="README.md">
      <Filter>リソース ファイル</Filter>
    </None>
    <None Include=".gitignore">
      <Filter>リソース ファイル</Filter>
    </None>
    <None Include="Resources\datas\units.json">
      <Filter>リソース ファイル</Filter>
    </None>
    <None Include="Resources\datas\pilots.json">
      <Filter>リソース ファイル</Filter>
    </None>
    <None Include="Resources\datas\localization\ja_jp.yml">
      <Filter>リソース ファイル\ローカライズ</Filter>
    </None>
  </ItemGroup>
</Project>